# THIS IS AN AUTOGENERATED FILE. DO NOT EDIT THIS FILE DIRECTLY.
# yarn lockfile v1


"@babel/parser@^7.21.3":
  version "7.22.16"
  resolved "https://registry.yarnpkg.com/@babel/parser/-/parser-7.22.16.tgz#180aead7f247305cce6551bea2720934e2fa2c95"
  integrity sha512-+gPfKv8UWeKKeJTUxe59+OobVcrYHETCsORl61EmSkmgymguYk/X5bp7GuUIXaFsc6y++v8ZxPsLSSuujqDphA==

"@esbuild/linux-loong64@0.14.54":
  version "0.14.54"
  resolved "http://registry.npm.qima-inc.com/@esbuild/linux-loong64/download/@esbuild/linux-loong64-0.14.54.tgz#de2a4be678bd4d0d1ffbb86e6de779cde5999028"
  integrity sha1-3ipL5ni9TQ0f+7hubed5zeWZkCg=

"@lukeed/csprng@^1.1.0":
  version "1.1.0"
  resolved "https://registry.yarnpkg.com/@lukeed/csprng/-/csprng-1.1.0.tgz#1e3e4bd05c1cc7a0b2ddbd8a03f39f6e4b5e6cfe"
  integrity sha512-Z7C/xXCiGWsg0KuKsHTKJxbWhpI3Vs5GwLfOean7MGyVFGqdRgBbAjOCh6u4bbjPc/8MJ2pZmK/0DLdCbivLDA==

"@lukeed/uuid@^2.0.1":
  version "2.0.1"
  resolved "https://registry.yarnpkg.com/@lukeed/uuid/-/uuid-2.0.1.tgz#4f6c34259ee0982a455e1797d56ac27bb040fd74"
  integrity sha512-qC72D4+CDdjGqJvkFMMEAtancHUQ7/d/tAiHf64z8MopFDmcrtbcJuerDtFceuAfQJ2pDSfCKCtbqoGBNnwg0w==
  dependencies:
    "@lukeed/csprng" "^1.1.0"

"@microsoft/api-extractor-model@7.27.6":
  version "7.27.6"
  resolved "https://registry.yarnpkg.com/@microsoft/api-extractor-model/-/api-extractor-model-7.27.6.tgz#308e44cd595d2fb446c6357759ee0675ec37d26e"
  integrity sha512-eiCnlayyum1f7fS2nA9pfIod5VCNR1G+Tq84V/ijDrKrOFVa598BLw145nCsGDMoFenV6ajNi2PR5WCwpAxW6Q==
  dependencies:
    "@microsoft/tsdoc" "0.14.2"
    "@microsoft/tsdoc-config" "~0.16.1"
    "@rushstack/node-core-library" "3.59.7"

"@microsoft/api-extractor@^7.36.4":
  version "7.36.4"
  resolved "https://registry.yarnpkg.com/@microsoft/api-extractor/-/api-extractor-7.36.4.tgz#3bb9fbbbeacaa48eea49150351905a2677a506d9"
  integrity sha512-21UECq8C/8CpHT23yiqTBQ10egKUacIpxkPyYR7hdswo/M5yTWdBvbq+77YC9uPKQJOUfOD1FImBQ1DzpsdeQQ==
  dependencies:
    "@microsoft/api-extractor-model" "7.27.6"
    "@microsoft/tsdoc" "0.14.2"
    "@microsoft/tsdoc-config" "~0.16.1"
    "@rushstack/node-core-library" "3.59.7"
    "@rushstack/rig-package" "0.4.1"
    "@rushstack/ts-command-line" "4.15.2"
    colors "~1.2.1"
    lodash "~4.17.15"
    resolve "~1.22.1"
    semver "~7.5.4"
    source-map "~0.6.1"
    typescript "~5.0.4"

"@microsoft/tsdoc-config@~0.16.1":
  version "0.16.2"
  resolved "https://registry.yarnpkg.com/@microsoft/tsdoc-config/-/tsdoc-config-0.16.2.tgz#b786bb4ead00d54f53839a458ce626c8548d3adf"
  integrity sha512-OGiIzzoBLgWWR0UdRJX98oYO+XKGf7tiK4Zk6tQ/E4IJqGCe7dvkTvgDZV5cFJUzLGDOjeAXrnZoA6QkVySuxw==
  dependencies:
    "@microsoft/tsdoc" "0.14.2"
    ajv "~6.12.6"
    jju "~1.4.0"
    resolve "~1.19.0"

"@microsoft/tsdoc@0.14.2":
  version "0.14.2"
  resolved "https://registry.yarnpkg.com/@microsoft/tsdoc/-/tsdoc-0.14.2.tgz#c3ec604a0b54b9a9b87e9735dfc59e1a5da6a5fb"
  integrity sha512-9b8mPpKrfeGRuhFH5iO1iwCLeIIsV6+H1sRfxbkoGXIyQE2BTsPd9zqSqQJ+pv5sJ/hT5M1zvOFL02MnEezFug==

"@rollup/pluginutils@^5.0.2":
  version "5.0.4"
  resolved "https://registry.yarnpkg.com/@rollup/pluginutils/-/pluginutils-5.0.4.tgz#74f808f9053d33bafec0cc98e7b835c9667d32ba"
  integrity sha512-0KJnIoRI8A+a1dqOYLxH8vBf8bphDmty5QvIm2hqm7oFCFYKCAZWWd2hXgMibaPsNDhI0AtpYfQZJG47pt/k4g==
  dependencies:
    "@types/estree" "^1.0.0"
    estree-walker "^2.0.2"
    picomatch "^2.3.1"

"@rushstack/node-core-library@3.59.7":
  version "3.59.7"
  resolved "https://registry.yarnpkg.com/@rushstack/node-core-library/-/node-core-library-3.59.7.tgz#9dcd62b79263e8a5b68465d4bf9124ec86e14b6c"
  integrity sha512-ln1Drq0h+Hwa1JVA65x5mlSgUrBa1uHL+V89FqVWQgXd1vVIMhrtqtWGQrhTnFHxru5ppX+FY39VWELF/FjQCw==
  dependencies:
    colors "~1.2.1"
    fs-extra "~7.0.1"
    import-lazy "~4.0.0"
    jju "~1.4.0"
    resolve "~1.22.1"
    semver "~7.5.4"
    z-schema "~5.0.2"

"@rushstack/rig-package@0.4.1":
  version "0.4.1"
  resolved "https://registry.yarnpkg.com/@rushstack/rig-package/-/rig-package-0.4.1.tgz#ff11bf67dad46f9b4f09db91cf45739ab411ee9f"
  integrity sha512-AGRwpqlXNSp9LhUSz4HKI9xCluqQDt/obsQFdv/NYIekF3pTTPzc+HbQsIsjVjYnJ3DcmxOREVMhvrMEjpiq6g==
  dependencies:
    resolve "~1.22.1"
    strip-json-comments "~3.1.1"

"@rushstack/ts-command-line@4.15.2":
  version "4.15.2"
  resolved "https://registry.yarnpkg.com/@rushstack/ts-command-line/-/ts-command-line-4.15.2.tgz#7920e3fa2ab6af129d995ce4424c600da0bf8a93"
  integrity sha512-5+C2uoJY8b+odcZD6coEe2XNC4ZjGB4vCMESbqW/8DHRWC/qIHfANdmN9F1wz/lAgxz72i7xRoVtPY2j7e4gpQ==
  dependencies:
    "@types/argparse" "1.0.38"
    argparse "~1.0.9"
    colors "~1.2.1"
    string-argv "~0.3.1"

"@types/argparse@1.0.38":
  version "1.0.38"
  resolved "https://registry.yarnpkg.com/@types/argparse/-/argparse-1.0.38.tgz#a81fd8606d481f873a3800c6ebae4f1d768a56a9"
  integrity sha512-ebDJ9b0e702Yr7pWgB0jzm+CX4Srzz8RcXtLJDJB+BSccqMa36uyH/zUsSYao5+BD1ytv3k3rPYCq4mAE1hsXA==

"@types/estree@^1.0.0":
  version "1.0.1"
  resolved "https://registry.yarnpkg.com/@types/estree/-/estree-1.0.1.tgz#aa22750962f3bf0e79d753d3cc067f010c95f194"
  integrity sha512-LG4opVs2ANWZ1TJoKc937iMmNstM/d0ae1vNbnBvBhqCSezgVUOzcLCqbI5elV8Vy6WKwKjaqR+zO9VKirBBCA==

"@volar/language-core@1.10.1", "@volar/language-core@~1.10.0":
  version "1.10.1"
  resolved "https://registry.yarnpkg.com/@volar/language-core/-/language-core-1.10.1.tgz#76789c5b0c214eeff8add29cbff0333d89b6fc4a"
  integrity sha512-JnsM1mIPdfGPxmoOcK1c7HYAsL6YOv0TCJ4aW3AXPZN/Jb4R77epDyMZIVudSGjWMbvv/JfUa+rQ+dGKTmgwBA==
  dependencies:
    "@volar/source-map" "1.10.1"

"@volar/source-map@1.10.1", "@volar/source-map@~1.10.0":
  version "1.10.1"
  resolved "https://registry.yarnpkg.com/@volar/source-map/-/source-map-1.10.1.tgz#b806845782cc615f2beba94624ff34a700f302f5"
  integrity sha512-3/S6KQbqa7pGC8CxPrg69qHLpOvkiPHGJtWPkI/1AXCsktkJ6gIk/5z4hyuMp8Anvs6eS/Kvp/GZa3ut3votKA==
  dependencies:
    muggle-string "^0.3.1"

"@volar/typescript@~1.10.0":
  version "1.10.1"
  resolved "https://registry.yarnpkg.com/@volar/typescript/-/typescript-1.10.1.tgz#b20341c1cc5785b4de0669ea645e1619c97a4764"
  integrity sha512-+iiO9yUSRHIYjlteT+QcdRq8b44qH19/eiUZtjNtuh6D9ailYM7DVR0zO2sEgJlvCaunw/CF9Ov2KooQBpR4VQ==
  dependencies:
    "@volar/language-core" "1.10.1"

"@vue/compiler-core@3.3.4":
  version "3.3.4"
  resolved "https://registry.yarnpkg.com/@vue/compiler-core/-/compiler-core-3.3.4.tgz#7fbf591c1c19e1acd28ffd284526e98b4f581128"
  integrity sha512-cquyDNvZ6jTbf/+x+AgM2Arrp6G4Dzbb0R64jiG804HRMfRiFXWI6kqUVqZ6ZR0bQhIoQjB4+2bhNtVwndW15g==
  dependencies:
    "@babel/parser" "^7.21.3"
    "@vue/shared" "3.3.4"
    estree-walker "^2.0.2"
    source-map-js "^1.0.2"

"@vue/compiler-dom@^3.3.0":
  version "3.3.4"
  resolved "https://registry.yarnpkg.com/@vue/compiler-dom/-/compiler-dom-3.3.4.tgz#f56e09b5f4d7dc350f981784de9713d823341151"
  integrity sha512-wyM+OjOVpuUukIq6p5+nwHYtj9cFroz9cwkfmP9O1nzH68BenTTv0u7/ndggT8cIQlnBeOo6sUT/gvHcIkLA5w==
  dependencies:
    "@vue/compiler-core" "3.3.4"
    "@vue/shared" "3.3.4"

"@vue/language-core@1.8.10", "@vue/language-core@^1.8.8":
  version "1.8.10"
  resolved "https://registry.yarnpkg.com/@vue/language-core/-/language-core-1.8.10.tgz#e37409ac8686f30963a00662d51bf6d07c599ca9"
  integrity sha512-db8PtM4ZZr7SYNH30XpKxUYnUBYaTvcuJ4c2whKK04fuAjbtjAIZ2al5GzGEfUlesmvkpgdbiSviRXUxgD9Omw==
  dependencies:
    "@volar/language-core" "~1.10.0"
    "@volar/source-map" "~1.10.0"
    "@vue/compiler-dom" "^3.3.0"
    "@vue/reactivity" "^3.3.0"
    "@vue/shared" "^3.3.0"
    minimatch "^9.0.0"
    muggle-string "^0.3.1"
    vue-template-compiler "^2.7.14"

"@vue/reactivity@^3.3.0":
  version "3.3.4"
  resolved "https://registry.yarnpkg.com/@vue/reactivity/-/reactivity-3.3.4.tgz#a27a29c6cd17faba5a0e99fbb86ee951653e2253"
  integrity sha512-kLTDLwd0B1jG08NBF3R5rqULtv/f8x3rOFByTDz4J53ttIQEDmALqKqXY0J+XQeN0aV2FBxY8nJDf88yvOPAqQ==
  dependencies:
    "@vue/shared" "3.3.4"

"@vue/shared@3.3.4", "@vue/shared@^3.3.0":
  version "3.3.4"
  resolved "https://registry.yarnpkg.com/@vue/shared/-/shared-3.3.4.tgz#06e83c5027f464eef861c329be81454bc8b70780"
  integrity sha512-7OjdcV8vQ74eiz1TZLzZP4JwqM5fA94K6yntPS5Z25r9HDuGNzaGdgvwKYq6S+MxwF0TFRwe50fIR/MYnakdkQ==

"@vue/typescript@1.8.10":
  version "1.8.10"
  resolved "https://registry.yarnpkg.com/@vue/typescript/-/typescript-1.8.10.tgz#70e3354e67498ef2270cba38eba092b29da1a494"
  integrity sha512-vPSpTXMk4chYwvyTGjM891cKgnx2r6vtbdANOp2mRU31f4HYGyLrZBlGgiua7SaO2cLjUg8y91OipJe0t8OFhA==
  dependencies:
    "@volar/typescript" "~1.10.0"
    "@vue/language-core" "1.8.10"

ajv@~6.12.6:
  version "6.12.6"
  resolved "https://registry.yarnpkg.com/ajv/-/ajv-6.12.6.tgz#baf5a62e802b07d977034586f8c3baf5adf26df4"
  integrity sha512-j3fVLgvTo527anyYyJOGTYJbG+vnnQYvE0m5mmkc1TK+nxAppkCLMIL0aZ4dblVCNoGShhm+kzE4ZUykBoMg4g==
  dependencies:
    fast-deep-equal "^3.1.1"
    fast-json-stable-stringify "^2.0.0"
    json-schema-traverse "^0.4.1"
    uri-js "^4.2.2"

argparse@~1.0.9:
  version "1.0.10"
  resolved "https://registry.yarnpkg.com/argparse/-/argparse-1.0.10.tgz#bcd6791ea5ae09725e17e5ad988134cd40b3d911"
  integrity sha512-o5Roy6tNG4SL/FOkCAN6RzjiakZS25RLYFrcMttJqbdd8BWrnA+fGz57iN5Pb06pvBGvl5gQ0B48dJlslXvoTg==
  dependencies:
    sprintf-js "~1.0.2"

balanced-match@^1.0.0:
  version "1.0.2"
  resolved "https://registry.yarnpkg.com/balanced-match/-/balanced-match-1.0.2.tgz#e83e3a7e3f300b34cb9d87f615fa0cbf357690ee"
  integrity sha512-3oSeUO0TMV67hN1AmbXsK4yaqU7tjiHlbxRDZOpH0KW9+CeX4bRAaX0Anxt0tx2MrpRpWwQaPwIlISEJhYU5Pw==

brace-expansion@^2.0.1:
  version "2.0.1"
  resolved "https://registry.yarnpkg.com/brace-expansion/-/brace-expansion-2.0.1.tgz#1edc459e0f0c548486ecf9fc99f2221364b9a0ae"
  integrity sha512-XnAIvQ8eM+kC6aULx6wuQiwVsnzsi9d3WxzV3FpWTGA19F621kwdbsAcFKXgKUHZWsy+mY6iL1sHTxWEFCytDA==
  dependencies:
    balanced-match "^1.0.0"

colors@~1.2.1:
  version "1.2.5"
  resolved "https://registry.yarnpkg.com/colors/-/colors-1.2.5.tgz#89c7ad9a374bc030df8013241f68136ed8835afc"
  integrity sha512-erNRLao/Y3Fv54qUa0LBB+//Uf3YwMUmdJinN20yMXm9zdKKqH9wt7R9IIVZ+K7ShzfpLV/Zg8+VyrBJYB4lpg==

commander@^10.0.0:
  version "10.0.1"
  resolved "https://registry.yarnpkg.com/commander/-/commander-10.0.1.tgz#881ee46b4f77d1c1dccc5823433aa39b022cbe06"
  integrity sha512-y4Mg2tXshplEbSGzx7amzPwKKOCGuoSRP/CjEdwwk0FOGlUbq6lKuoyDZTNZkmxHdJtp54hdfY/JUrdL7Xfdug==

de-indent@^1.0.2:
  version "1.0.2"
  resolved "https://registry.yarnpkg.com/de-indent/-/de-indent-1.0.2.tgz#b2038e846dc33baa5796128d0804b455b8c1e21d"
  integrity sha512-e/1zu3xH5MQryN2zdVaF0OrdNLUbvWxzMbi+iNA6Bky7l1RoP8a2fIbRocyHclXt/arDrrR6lL3TqFD9pMQTsg==

debug@^4.3.4:
  version "4.3.4"
  resolved "https://registry.yarnpkg.com/debug/-/debug-4.3.4.tgz#1319f6579357f2338d3337d2cdd4914bb5dcc865"
  integrity sha512-PRWFHuSU3eDtQJPvnNY7Jcket1j0t5OuOsFzPPzsekD52Zl8qUfFIPEiswXqIvHWGVHOgX+7G/vCNNhehwxfkQ==
  dependencies:
    ms "2.1.2"

esbuild-android-64@0.14.54:
  version "0.14.54"
  resolved "http://registry.npm.qima-inc.com/esbuild-android-64/download/esbuild-android-64-0.14.54.tgz#505f41832884313bbaffb27704b8bcaa2d8616be"
  integrity sha1-UF9BgyiEMTu6/7J3BLi8qi2GFr4=

esbuild-android-arm64@0.14.54:
  version "0.14.54"
  resolved "http://registry.npm.qima-inc.com/esbuild-android-arm64/download/esbuild-android-arm64-0.14.54.tgz#8ce69d7caba49646e009968fe5754a21a9871771"
  integrity sha1-jOadfKuklkbgCZaP5XVKIamHF3E=

esbuild-darwin-64@0.14.54:
  version "0.14.54"
  resolved "http://registry.npm.qima-inc.com/esbuild-darwin-64/download/esbuild-darwin-64-0.14.54.tgz#24ba67b9a8cb890a3c08d9018f887cc221cdda25"
  integrity sha1-JLpnuajLiQo8CNkBj4h8wiHN2iU=

esbuild-darwin-arm64@0.14.54:
  version "0.14.54"
  resolved "http://registry.npm.qima-inc.com/esbuild-darwin-arm64/download/esbuild-darwin-arm64-0.14.54.tgz#3f7cdb78888ee05e488d250a2bdaab1fa671bf73"
  integrity sha1-P3zbeIiO4F5IjSUKK9qrH6Zxv3M=

esbuild-freebsd-64@0.14.54:
  version "0.14.54"
  resolved "http://registry.npm.qima-inc.com/esbuild-freebsd-64/download/esbuild-freebsd-64-0.14.54.tgz#09250f997a56ed4650f3e1979c905ffc40bbe94d"
  integrity sha1-CSUPmXpW7UZQ8+GXnJBf/EC76U0=

esbuild-freebsd-arm64@0.14.54:
  version "0.14.54"
  resolved "http://registry.npm.qima-inc.com/esbuild-freebsd-arm64/download/esbuild-freebsd-arm64-0.14.54.tgz#bafb46ed04fc5f97cbdb016d86947a79579f8e48"
  integrity sha1-uvtG7QT8X5fL2wFthpR6eVefjkg=

esbuild-linux-32@0.14.54:
  version "0.14.54"
  resolved "http://registry.npm.qima-inc.com/esbuild-linux-32/download/esbuild-linux-32-0.14.54.tgz#e2a8c4a8efdc355405325033fcebeb941f781fe5"
  integrity sha1-4qjEqO/cNVQFMlAz/OvrlB94H+U=

esbuild-linux-64@0.14.54:
  version "0.14.54"
  resolved "http://registry.npm.qima-inc.com/esbuild-linux-64/download/esbuild-linux-64-0.14.54.tgz#de5fdba1c95666cf72369f52b40b03be71226652"
  integrity sha1-3l/boclWZs9yNp9StAsDvnEiZlI=

esbuild-linux-arm64@0.14.54:
  version "0.14.54"
  resolved "http://registry.npm.qima-inc.com/esbuild-linux-arm64/download/esbuild-linux-arm64-0.14.54.tgz#dae4cd42ae9787468b6a5c158da4c84e83b0ce8b"
  integrity sha1-2uTNQq6Xh0aLalwVjaTIToOwzos=

esbuild-linux-arm@0.14.54:
  version "0.14.54"
  resolved "http://registry.npm.qima-inc.com/esbuild-linux-arm/download/esbuild-linux-arm-0.14.54.tgz#a2c1dff6d0f21dbe8fc6998a122675533ddfcd59"
  integrity sha1-osHf9tDyHb6PxpmKEiZ1Uz3fzVk=

esbuild-linux-mips64le@0.14.54:
  version "0.14.54"
  resolved "http://registry.npm.qima-inc.com/esbuild-linux-mips64le/download/esbuild-linux-mips64le-0.14.54.tgz#d9918e9e4cb972f8d6dae8e8655bf9ee131eda34"
  integrity sha1-2ZGOnky5cvjW2ujoZVv57hMe2jQ=

esbuild-linux-ppc64le@0.14.54:
  version "0.14.54"
  resolved "http://registry.npm.qima-inc.com/esbuild-linux-ppc64le/download/esbuild-linux-ppc64le-0.14.54.tgz#3f9a0f6d41073fb1a640680845c7de52995f137e"
  integrity sha1-P5oPbUEHP7GmQGgIRcfeUplfE34=

esbuild-linux-riscv64@0.14.54:
  version "0.14.54"
  resolved "http://registry.npm.qima-inc.com/esbuild-linux-riscv64/download/esbuild-linux-riscv64-0.14.54.tgz#618853c028178a61837bc799d2013d4695e451c8"
  integrity sha1-YYhTwCgXimGDe8eZ0gE9RpXkUcg=

esbuild-linux-s390x@0.14.54:
  version "0.14.54"
  resolved "http://registry.npm.qima-inc.com/esbuild-linux-s390x/download/esbuild-linux-s390x-0.14.54.tgz#d1885c4c5a76bbb5a0fe182e2c8c60eb9e29f2a6"
  integrity sha1-0YhcTFp2u7Wg/hguLIxg654p8qY=

esbuild-netbsd-64@0.14.54:
  version "0.14.54"
  resolved "http://registry.npm.qima-inc.com/esbuild-netbsd-64/download/esbuild-netbsd-64-0.14.54.tgz#69ae917a2ff241b7df1dbf22baf04bd330349e81"
  integrity sha1-aa6Rei/yQbffHb8iuvBL0zA0noE=

esbuild-openbsd-64@0.14.54:
  version "0.14.54"
  resolved "http://registry.npm.qima-inc.com/esbuild-openbsd-64/download/esbuild-openbsd-64-0.14.54.tgz#db4c8495287a350a6790de22edea247a57c5d47b"
  integrity sha1-20yElSh6NQpnkN4i7eokelfF1Hs=

esbuild-sunos-64@0.14.54:
  version "0.14.54"
  resolved "http://registry.npm.qima-inc.com/esbuild-sunos-64/download/esbuild-sunos-64-0.14.54.tgz#54287ee3da73d3844b721c21bc80c1dc7e1bf7da"
  integrity sha1-VCh+49pz04RLchwhvIDB3H4b99o=

esbuild-windows-32@0.14.54:
  version "0.14.54"
  resolved "http://registry.npm.qima-inc.com/esbuild-windows-32/download/esbuild-windows-32-0.14.54.tgz#f8aaf9a5667630b40f0fb3aa37bf01bbd340ce31"
  integrity sha1-+Kr5pWZ2MLQPD7OqN78Bu9NAzjE=

esbuild-windows-64@0.14.54:
  version "0.14.54"
  resolved "http://registry.npm.qima-inc.com/esbuild-windows-64/download/esbuild-windows-64-0.14.54.tgz#bf54b51bd3e9b0f1886ffdb224a4176031ea0af4"
  integrity sha1-v1S1G9PpsPGIb/2yJKQXYDHqCvQ=

esbuild-windows-arm64@0.14.54:
  version "0.14.54"
  resolved "http://registry.npm.qima-inc.com/esbuild-windows-arm64/download/esbuild-windows-arm64-0.14.54.tgz#937d15675a15e4b0e4fafdbaa3a01a776a2be982"
  integrity sha1-k30VZ1oV5LDk+v26o6Aad2or6YI=

esbuild@^0.14.27:
  version "0.14.54"
  resolved "http://registry.npm.qima-inc.com/esbuild/download/esbuild-0.14.54.tgz#8b44dcf2b0f1a66fc22459943dccf477535e9aa2"
  integrity sha1-i0Tc8rDxpm/CJFmUPcz0d1NemqI=
  optionalDependencies:
    "@esbuild/linux-loong64" "0.14.54"
    esbuild-android-64 "0.14.54"
    esbuild-android-arm64 "0.14.54"
    esbuild-darwin-64 "0.14.54"
    esbuild-darwin-arm64 "0.14.54"
    esbuild-freebsd-64 "0.14.54"
    esbuild-freebsd-arm64 "0.14.54"
    esbuild-linux-32 "0.14.54"
    esbuild-linux-64 "0.14.54"
    esbuild-linux-arm "0.14.54"
    esbuild-linux-arm64 "0.14.54"
    esbuild-linux-mips64le "0.14.54"
    esbuild-linux-ppc64le "0.14.54"
    esbuild-linux-riscv64 "0.14.54"
    esbuild-linux-s390x "0.14.54"
    esbuild-netbsd-64 "0.14.54"
    esbuild-openbsd-64 "0.14.54"
    esbuild-sunos-64 "0.14.54"
    esbuild-windows-32 "0.14.54"
    esbuild-windows-64 "0.14.54"
    esbuild-windows-arm64 "0.14.54"

estree-walker@^2.0.2:
  version "2.0.2"
  resolved "https://registry.yarnpkg.com/estree-walker/-/estree-walker-2.0.2.tgz#52f010178c2a4c117a7757cfe942adb7d2da4cac"
  integrity sha512-Rfkk/Mp/DL7JVje3u18FxFujQlTNR2q6QfMSMB7AvCBx91NGj/ba3kCfza0f6dVDbw7YlRf/nDrn7pQrCCyQ/w==

fast-deep-equal@^3.1.1:
  version "3.1.3"
  resolved "https://registry.yarnpkg.com/fast-deep-equal/-/fast-deep-equal-3.1.3.tgz#3a7d56b559d6cbc3eb512325244e619a65c6c525"
  integrity sha512-f3qQ9oQy9j2AhBe/H9VC91wLmKBCCU/gDOnKNAYG5hswO7BLKj09Hc5HYNz9cGI++xlpDCIgDaitVs03ATR84Q==

fast-json-stable-stringify@^2.0.0:
  version "2.1.0"
  resolved "https://registry.yarnpkg.com/fast-json-stable-stringify/-/fast-json-stable-stringify-2.1.0.tgz#874bf69c6f404c2b5d99c481341399fd55892633"
  integrity sha512-lhd/wF+Lk98HZoTCtlVraHtfh5XYijIjalXck7saUtuanSDyLMxnHhSXEDJqHxD7msR8D0uCmqlkwjCV8xvwHw==

fs-extra@~7.0.1:
  version "7.0.1"
  resolved "https://registry.yarnpkg.com/fs-extra/-/fs-extra-7.0.1.tgz#4f189c44aa123b895f722804f55ea23eadc348e9"
  integrity sha512-YJDaCJZEnBmcbw13fvdAM9AwNOJwOzrE4pqMqBq5nFiEqXUqHwlK4B+3pUw6JNvfSPtX05xFHtYy/1ni01eGCw==
  dependencies:
    graceful-fs "^4.1.2"
    jsonfile "^4.0.0"
    universalify "^0.1.0"

fsevents@~2.3.2:
  version "2.3.3"
  resolved "http://registry.npm.qima-inc.com/fsevents/download/fsevents-2.3.3.tgz#cac6407785d03675a2a5e1a5305c697b347d90d6"
  integrity sha1-ysZAd4XQNnWipeGlMFxpezR9kNY=

function-bind@^1.1.1:
  version "1.1.1"
  resolved "http://registry.npm.qima-inc.com/function-bind/download/function-bind-1.1.1.tgz#a56899d3ea3c9bab874bb9773b7c5ede92f4895d"
  integrity sha1-pWiZ0+o8m6uHS7l3O3xe3pL0iV0=

graceful-fs@^4.1.2, graceful-fs@^4.1.6:
  version "4.2.11"
  resolved "https://registry.yarnpkg.com/graceful-fs/-/graceful-fs-4.2.11.tgz#4183e4e8bf08bb6e05bbb2f7d2e0c8f712ca40e3"
  integrity sha512-RbJ5/jmFcNNCcDV5o9eTnBLJ/HszWV0P73bc+Ff4nS/rJj+YaS6IGyiOL0VoBYX+l1Wrl3k63h/KrH+nhJ0XvQ==

has@^1.0.3:
  version "1.0.3"
  resolved "http://registry.npm.qima-inc.com/has/download/has-1.0.3.tgz#722d7cbfc1f6aa8241f16dd814e011e1f41e8796"
  integrity sha1-ci18v8H2qoJB8W3YFOAR4fQeh5Y=
  dependencies:
    function-bind "^1.1.1"

he@^1.2.0:
  version "1.2.0"
  resolved "https://registry.yarnpkg.com/he/-/he-1.2.0.tgz#84ae65fa7eafb165fddb61566ae14baf05664f0f"
  integrity sha512-F/1DnUGPopORZi0ni+CvrCgHQ5FyEAHRLSApuYWMmrbSwoN2Mn/7k+Gl38gJnR7yyDZk6WLXwiGod1JOWNDKGw==

import-lazy@~4.0.0:
  version "4.0.0"
  resolved "https://registry.yarnpkg.com/import-lazy/-/import-lazy-4.0.0.tgz#e8eb627483a0a43da3c03f3e35548be5cb0cc153"
  integrity sha512-rKtvo6a868b5Hu3heneU+L4yEQ4jYKLtjpnPeUdK7h0yzXGmyBTypknlkCvHFBqfX9YlorEiMM6Dnq/5atfHkw==

is-core-module@^2.1.0, is-core-module@^2.13.0:
  version "2.13.0"
  resolved "http://registry.npm.qima-inc.com/is-core-module/download/is-core-module-2.13.0.tgz#bb52aa6e2cbd49a30c2ba68c42bf3435ba6072db"
  integrity sha1-u1Kqbiy9SaMMK6aMQr80Nbpgcts=
  dependencies:
    has "^1.0.3"

jju@~1.4.0:
  version "1.4.0"
  resolved "https://registry.yarnpkg.com/jju/-/jju-1.4.0.tgz#a3abe2718af241a2b2904f84a625970f389ae32a"
  integrity sha512-8wb9Yw966OSxApiCt0K3yNJL8pnNeIv+OEq2YMidz4FKP6nonSRoOXc80iXY4JaN2FC11B9qsNmDsm+ZOfMROA==

json-schema-traverse@^0.4.1:
  version "0.4.1"
  resolved "https://registry.yarnpkg.com/json-schema-traverse/-/json-schema-traverse-0.4.1.tgz#69f6a87d9513ab8bb8fe63bdb0979c448e684660"
  integrity sha512-xbbCH5dCYU5T8LcEhhuh7HJ88HXuW3qsI3Y0zOZFKfZEHcpWiHU/Jxzk629Brsab/mMiHQti9wMP+845RPe3Vg==

jsonfile@^4.0.0:
  version "4.0.0"
  resolved "https://registry.yarnpkg.com/jsonfile/-/jsonfile-4.0.0.tgz#8771aae0799b64076b76640fca058f9c10e33ecb"
  integrity sha512-m6F1R3z8jjlf2imQHS2Qez5sjKWQzbuuhuJ/FKYFRZvPE3PuHcSMVZzfsLhGVOkfd20obL5SWEBew5ShlquNxg==
  optionalDependencies:
    graceful-fs "^4.1.6"

kolorist@^1.8.0:
  version "1.8.0"
  resolved "https://registry.yarnpkg.com/kolorist/-/kolorist-1.8.0.tgz#edddbbbc7894bc13302cdf740af6374d4a04743c"
  integrity sha512-Y+60/zizpJ3HRH8DCss+q95yr6145JXZo46OTpFvDZWLfRCE4qChOyk1b26nMaNpfHHgxagk9dXT5OP0Tfe+dQ==

lodash.get@^4.4.2:
  version "4.4.2"
  resolved "https://registry.yarnpkg.com/lodash.get/-/lodash.get-4.4.2.tgz#2d177f652fa31e939b4438d5341499dfa3825e99"
  integrity sha512-z+Uw/vLuy6gQe8cfaFWD7p0wVv8fJl3mbzXh33RS+0oW2wvUqiRXiQ69gLWSLpgB5/6sU+r6BlQR0MBILadqTQ==

lodash.isequal@^4.5.0:
  version "4.5.0"
  resolved "https://registry.yarnpkg.com/lodash.isequal/-/lodash.isequal-4.5.0.tgz#415c4478f2bcc30120c22ce10ed3226f7d3e18e0"
  integrity sha512-pDo3lu8Jhfjqls6GkMgpahsF9kCyayhgykjyLMNFTKWrpVdAQtYyB4muAMWozBB4ig/dtWAmsMxLEI8wuz+DYQ==

lodash@~4.17.15:
  version "4.17.21"
  resolved "https://registry.yarnpkg.com/lodash/-/lodash-4.17.21.tgz#679591c564c3bffaae8454cf0b3df370c3d6911c"
  integrity sha512-v2kDEe57lecTulaDIuNTPy3Ry4gLGJ6Z1O3vE1krgXZNrsQ+LFTGHVxVjcXPs17LhbZVGedAJv8XZ1tvj5FvSg==

lru-cache@^6.0.0:
  version "6.0.0"
  resolved "https://registry.yarnpkg.com/lru-cache/-/lru-cache-6.0.0.tgz#6d6fe6570ebd96aaf90fcad1dafa3b2566db3a94"
  integrity sha512-Jo6dJ04CmSjuznwJSS3pUeWmd/H0ffTlkXXgwZi+eq1UCmqQwCh+eLsYOYCwY991i2Fah4h1BEMCx4qThGbsiA==
  dependencies:
    yallist "^4.0.0"

minimatch@^9.0.0:
  version "9.0.3"
  resolved "https://registry.yarnpkg.com/minimatch/-/minimatch-9.0.3.tgz#a6e00c3de44c3a542bfaae70abfc22420a6da825"
  integrity sha512-RHiac9mvaRw0x3AYRgDC1CxAP7HTcNrrECeA8YYJeWnpo+2Q5CegtZjaotWTWxDG3UeGA1coE05iH1mPjT/2mg==
  dependencies:
    brace-expansion "^2.0.1"

ms@2.1.2:
  version "2.1.2"
  resolved "https://registry.yarnpkg.com/ms/-/ms-2.1.2.tgz#d09d1f357b443f493382a8eb3ccd183872ae6009"
  integrity sha512-sGkPx+VjMtmA6MX27oA4FBFELFCZZ4S4XqeGOXCv68tT+jb3vk/RyaKWP0PTKyWtmLSM0b+adUTEvbs1PEaH2w==

muggle-string@^0.3.1:
  version "0.3.1"
  resolved "https://registry.yarnpkg.com/muggle-string/-/muggle-string-0.3.1.tgz#e524312eb1728c63dd0b2ac49e3282e6ed85963a"
  integrity sha512-ckmWDJjphvd/FvZawgygcUeQCxzvohjFO5RxTjj4eq8kw359gFF3E1brjfI+viLMxss5JrHTDRHZvu2/tuy0Qg==

nanoid@^3.3.6:
  version "3.3.6"
  resolved "http://registry.npm.qima-inc.com/nanoid/download/nanoid-3.3.6.tgz#443380c856d6e9f9824267d960b4236ad583ea4c"
  integrity sha1-RDOAyFbW6fmCQmfZYLQjatWD6kw=

path-parse@^1.0.6, path-parse@^1.0.7:
  version "1.0.7"
  resolved "http://registry.npm.qima-inc.com/path-parse/download/path-parse-1.0.7.tgz#fbc114b60ca42b30d9daf5858e4bd68bbedb6735"
  integrity sha1-+8EUtgykKzDZ2vWFjkvWi77bZzU=

picocolors@^1.0.0:
  version "1.0.0"
  resolved "http://registry.npm.qima-inc.com/picocolors/download/picocolors-1.0.0.tgz#cb5bdc74ff3f51892236eaf79d68bc44564ab81c"
  integrity sha1-y1vcdP8/UYkiNur3nWi8RFZKuBw=

picomatch@^2.3.1:
  version "2.3.1"
  resolved "https://registry.yarnpkg.com/picomatch/-/picomatch-2.3.1.tgz#3ba3833733646d9d3e4995946c1365a67fb07a42"
  integrity sha512-JU3teHTNjmE2VCGFzuY8EXzCDVwEqB2a8fsIvwaStHhAWJEeVd1o1QD80CU6+ZdEXXSLbSsuLwJjkCBWqRQUVA==

postcss@^8.4.13:
  version "8.4.29"
  resolved "http://registry.npm.qima-inc.com/postcss/download/postcss-8.4.29.tgz#33bc121cf3b3688d4ddef50be869b2a54185a1dd"
  integrity sha1-M7wSHPOzaI1N3vUL6GmypUGFod0=
  dependencies:
    nanoid "^3.3.6"
    picocolors "^1.0.0"
    source-map-js "^1.0.2"

punycode@^2.1.0:
  version "2.3.0"
  resolved "https://registry.yarnpkg.com/punycode/-/punycode-2.3.0.tgz#f67fa67c94da8f4d0cfff981aee4118064199b8f"
  integrity sha512-rRV+zQD8tVFys26lAGR9WUuS4iUAngJScM+ZRSKtvl5tKeZ2t5bvdNFdNHBW9FWR4guGHlgmsZ1G7BSm2wTbuA==

resolve@^1.22.0, resolve@~1.22.1:
  version "1.22.4"
  resolved "http://registry.npm.qima-inc.com/resolve/download/resolve-1.22.4.tgz#1dc40df46554cdaf8948a486a10f6ba1e2026c34"
  integrity sha1-HcQN9GVUza+JSKSGoQ9roeICbDQ=
  dependencies:
    is-core-module "^2.13.0"
    path-parse "^1.0.7"
    supports-preserve-symlinks-flag "^1.0.0"

resolve@~1.19.0:
  version "1.19.0"
  resolved "https://registry.yarnpkg.com/resolve/-/resolve-1.19.0.tgz#1af5bf630409734a067cae29318aac7fa29a267c"
  integrity sha512-rArEXAgsBG4UgRGcynxWIWKFvh/XZCcS8UJdHhwy91zwAvCZIbcs+vAbflgBnNjYMs/i/i+/Ux6IZhML1yPvxg==
  dependencies:
    is-core-module "^2.1.0"
    path-parse "^1.0.6"

"rollup@>=2.59.0 <2.78.0":
  version "2.77.3"
  resolved "http://registry.npm.qima-inc.com/rollup/download/rollup-2.77.3.tgz#8f00418d3a2740036e15deb653bed1a90ee0cc12"
  integrity sha1-jwBBjTonQANuFd62U77RqQ7gzBI=
  optionalDependencies:
    fsevents "~2.3.2"

semver@^7.3.8, semver@~7.5.4:
  version "7.5.4"
  resolved "https://registry.yarnpkg.com/semver/-/semver-7.5.4.tgz#483986ec4ed38e1c6c48c34894a9182dbff68a6e"
  integrity sha512-1bCSESV6Pv+i21Hvpxp3Dx+pSD8lIPt8uVjRrxAUt/nbswYc+tK6Y2btiULjd4+fnq15PX+nqQDC7Oft7WkwcA==
  dependencies:
    lru-cache "^6.0.0"

source-map-js@^1.0.2:
  version "1.0.2"
  resolved "http://registry.npm.qima-inc.com/source-map-js/download/source-map-js-1.0.2.tgz#adbc361d9c62df380125e7f161f71c826f1e490c"
  integrity sha1-rbw2HZxi3zgBJefxYfccgm8eSQw=

source-map@~0.6.1:
  version "0.6.1"
  resolved "https://registry.yarnpkg.com/source-map/-/source-map-0.6.1.tgz#74722af32e9614e9c287a8d0bbde48b5e2f1a263"
  integrity sha512-UjgapumWlbMhkBgzT7Ykc5YXUT46F0iKu8SGXq0bcwP5dz/h0Plj6enJqjz1Zbq2l5WaqYnrVbwWOWMyF3F47g==

sprintf-js@~1.0.2:
  version "1.0.3"
  resolved "https://registry.yarnpkg.com/sprintf-js/-/sprintf-js-1.0.3.tgz#04e6926f662895354f3dd015203633b857297e2c"
  integrity sha512-D9cPgkvLlV3t3IzL0D0YLvGA9Ahk4PcvVwUbN0dSGr1aP0Nrt4AEnTUbuGvquEC0mA64Gqt1fzirlRs5ibXx8g==

string-argv@~0.3.1:
  version "0.3.2"
  resolved "https://registry.yarnpkg.com/string-argv/-/string-argv-0.3.2.tgz#2b6d0ef24b656274d957d54e0a4bbf6153dc02b6"
  integrity sha512-aqD2Q0144Z+/RqG52NeHEkZauTAUWJO8c6yTftGJKO3Tja5tUgIfmIl6kExvhtxSDP7fXB6DvzkfMpCd/F3G+Q==

strip-json-comments@~3.1.1:
  version "3.1.1"
  resolved "https://registry.yarnpkg.com/strip-json-comments/-/strip-json-comments-3.1.1.tgz#31f1281b3832630434831c310c01cccda8cbe006"
  integrity sha512-6fPc+R4ihwqP6N/aIv2f1gMH8lOVtWQHoqC4yK6oSDVVocumAsfCqjkXnqiYMhmMwS/mEHLp7Vehlt3ql6lEig==

supports-preserve-symlinks-flag@^1.0.0:
  version "1.0.0"
  resolved "http://registry.npm.qima-inc.com/supports-preserve-symlinks-flag/download/supports-preserve-symlinks-flag-1.0.0.tgz#6eda4bd344a3c94aea376d4cc31bc77311039e09"
  integrity sha1-btpL00SjyUrqN21MwxvHcxEDngk=

typescript@^4.4.4:
  version "4.9.5"
  resolved "http://registry.npm.qima-inc.com/typescript/download/typescript-4.9.5.tgz#095979f9bcc0d09da324d58d03ce8f8374cbe65a"
  integrity sha1-CVl5+bzA0J2jJNWNA86Pg3TL5lo=

typescript@~5.0.4:
  version "5.0.4"
  resolved "https://registry.yarnpkg.com/typescript/-/typescript-5.0.4.tgz#b217fd20119bd61a94d4011274e0ab369058da3b"
  integrity sha512-cW9T5W9xY37cc+jfEnaUvX91foxtHkza3Nw3wkoF4sSlKn0MONdkdEndig/qPBWXNkmplh3NzayQzCiHM4/hqw==

universalify@^0.1.0:
  version "0.1.2"
  resolved "https://registry.yarnpkg.com/universalify/-/universalify-0.1.2.tgz#b646f69be3942dabcecc9d6639c80dc105efaa66"
  integrity sha512-rBJeI5CXAlmy1pV+617WB9J63U6XcazHHF2f2dbJix4XzpUF0RS3Zbj0FGIOCAva5P/d/GBOYaACQ1w+0azUkg==

uri-js@^4.2.2:
  version "4.4.1"
  resolved "https://registry.yarnpkg.com/uri-js/-/uri-js-4.4.1.tgz#9b1a52595225859e55f669d928f88c6c57f2a77e"
  integrity sha512-7rKUyy33Q1yc98pQ1DAmLtwX109F7TIfWlW1Ydo8Wl1ii1SeHieeh0HHfPeL2fMXK6z0s8ecKs9frCuLJvndBg==
  dependencies:
    punycode "^2.1.0"

validator@^13.7.0:
  version "13.11.0"
  resolved "https://registry.yarnpkg.com/validator/-/validator-13.11.0.tgz#23ab3fd59290c61248364eabf4067f04955fbb1b"
  integrity sha512-Ii+sehpSfZy+At5nPdnyMhx78fEoPDkR2XW/zimHEL3MyGJQOCQ7WeP20jPYRz7ZCpcKLB21NxuXHF3bxjStBQ==

vite-plugin-dts@^3.5.3:
  version "3.5.3"
  resolved "https://registry.yarnpkg.com/vite-plugin-dts/-/vite-plugin-dts-3.5.3.tgz#602dca3ceb5e56bed1b9ec32d92d4c24d049581d"
  integrity sha512-h94j/+SR1PhLR9jnEtcjZILagE2QZBAV8V1y3T2Ujcet1VI0Et4dZSU1W8fbnp6obB7B3/b8hArqdi2/9HuH+w==
  dependencies:
    "@microsoft/api-extractor" "^7.36.4"
    "@rollup/pluginutils" "^5.0.2"
    "@vue/language-core" "^1.8.8"
    debug "^4.3.4"
    kolorist "^1.8.0"
    vue-tsc "^1.8.8"

vite@^2.7.2:
  version "2.9.16"
  resolved "http://registry.npm.qima-inc.com/vite/download/vite-2.9.16.tgz#daf7ba50f5cc37a7bf51b118ba06bc36e97898e9"
  integrity sha1-2ve6UPXMN6e/UbEYuga8Nul4mOk=
  dependencies:
    esbuild "^0.14.27"
    postcss "^8.4.13"
    resolve "^1.22.0"
    rollup ">=2.59.0 <2.78.0"
  optionalDependencies:
    fsevents "~2.3.2"

vue-template-compiler@^2.7.14:
  version "2.7.14"
  resolved "https://registry.yarnpkg.com/vue-template-compiler/-/vue-template-compiler-2.7.14.tgz#4545b7dfb88090744c1577ae5ac3f964e61634b1"
  integrity sha512-zyA5Y3ArvVG0NacJDkkzJuPQDF8RFeRlzV2vLeSnhSpieO6LK2OVbdLPi5MPPs09Ii+gMO8nY4S3iKQxBxDmWQ==
  dependencies:
    de-indent "^1.0.2"
    he "^1.2.0"

vue-tsc@^1.8.8:
  version "1.8.10"
  resolved "https://registry.yarnpkg.com/vue-tsc/-/vue-tsc-1.8.10.tgz#7a5253b078a4728d90286f7bef42108e39a191e7"
  integrity sha512-ptpTFFDoHQgkWJF7i5iERxooiQzOGtG1uKTfmAUuS3qPuSQGq+Ky/S8BFHhnFGwoOxq/PjmGN2QSZEfg1rtzQA==
  dependencies:
    "@vue/language-core" "1.8.10"
    "@vue/typescript" "1.8.10"
    semver "^7.3.8"

yallist@^4.0.0:
  version "4.0.0"
  resolved "https://registry.yarnpkg.com/yallist/-/yallist-4.0.0.tgz#9bb92790d9c0effec63be73519e11a35019a3a72"
  integrity sha512-3wdGidZyq5PB084XLES5TpOSRA3wjXAlIWMhum2kRcv/41Sn2emQ0dycQW4uZXLejwKvg6EsvbdlVL+FYEct7A==

z-schema@~5.0.2:
  version "5.0.6"
  resolved "https://registry.yarnpkg.com/z-schema/-/z-schema-5.0.6.tgz#46d6a687b15e4a4369e18d6cb1c7b8618fc256c5"
  integrity sha512-+XR1GhnWklYdfr8YaZv/iu+vY+ux7V5DS5zH1DQf6bO5ufrt/5cgNhVO5qyhsjFXvsqQb/f08DWE9b6uPscyAg==
  dependencies:
    lodash.get "^4.4.2"
    lodash.isequal "^4.5.0"
    validator "^13.7.0"
  optionalDependencies:
    commander "^10.0.0"
